
Microsoft Visual Studio Solution File, Format Version 9.00
# Visual Studio 2005
Project("{8BC9CEB8-8B4A-11D0-8D11-00A0C91BC942}") = "MathDLL", "MathDLL\MathDLL.vcproj", "{9A4DB61D-AD81-45DB-8ECC-3B0D16868919}"
EndProject
Global
	GlobalSection(SolutionConfigurationPlatforms) = preSolution
		Debug|Win32 = Debug|Win32
		Release|Win32 = Release|Win32
	EndGlobalSection
	GlobalSection(ProjectConfigurationPlatforms) = postSolution
		{9A4DB61D-AD81-45DB-8ECC-3B0D16868919}.Debug|Win32.ActiveCfg = Debug|Win32
		{9A4DB61D-AD81-45DB-8ECC-3B0D16868919}.Debug|Win32.Build.0 = Debug|Win32
		{9A4DB61D-AD81-45DB-8ECC-3B0D16868919}.Release|Win32.ActiveCfg = Release|Win32
		{9A4DB61D-AD81-45DB-8ECC-3B0D16868919}.Release|Win32.Build.0 = Release|Win32
	EndGlobalSection
	GlobalSection(SolutionProperties) = preSolution
		HideSolutionNode = FALSE
	EndGlobalSection
EndGlobal
